// !$*UTF8*$!
{
	archiveVersion = 1;
	classes = {
	};
	objectVersion = 50;
	objects = {

/* Begin PBXBuildFile section */
		8B03BE4424495A5600E7F77E /* main.cpp in Sources */ = {isa = PBXBuildFile; fileRef = 8B03BE4324495A5600E7F77E /* main.cpp */; };
		8B03BE4C24495AD200E7F77E /* Polly.cpp in Sources */ = {isa = PBXBuildFile; fileRef = 8B03BE4A24495AD200E7F77E /* Polly.cpp */; };
		8B03BE4F2449616900E7F77E /* Complex.cpp in Sources */ = {isa = PBXBuildFile; fileRef = 8B03BE4D2449616900E7F77E /* Complex.cpp */; };
/* End PBXBuildFile section */

/* Begin PBXCopyFilesBuildPhase section */
		8B03BE3E24495A5600E7F77E /* CopyFiles */ = {
			isa = PBXCopyFilesBuildPhase;
			buildActionMask = 2147483647;
			dstPath = /usr/share/man/man1/;
			dstSubfolderSpec = 0;
			files = (
			);
			runOnlyForDeploymentPostprocessing = 1;
		};
/* End PBXCopyFilesBuildPhase section */

/* Begin PBXFileReference section */
		8B03BE4024495A5600E7F77E /* Quadratic Polynomials */ = {isa = PBXFileReference; explicitFileType = "compiled.mach-o.executable"; includeInIndex = 0; path = "Quadratic Polynomials"; sourceTree = BUILT_PRODUCTS_DIR; };
		8B03BE4324495A5600E7F77E /* main.cpp */ = {isa = PBXFileReference; lastKnownFileType = sourcecode.cpp.cpp; path = main.cpp; sourceTree = "<group>"; };
		8B03BE4A24495AD200E7F77E /* Polly.cpp */ = {isa = PBXFileReference; lastKnownFileType = sourcecode.cpp.cpp; path = Polly.cpp; sourceTree = "<group>"; };
		8B03BE4B24495AD200E7F77E /* Polly.hpp */ = {isa = PBXFileReference; lastKnownFileType = sourcecode.cpp.h; path = Polly.hpp; sourceTree = "<group>"; };
		8B03BE4D2449616900E7F77E /* Complex.cpp */ = {isa = PBXFileReference; fileEncoding = 4; lastKnownFileType = sourcecode.cpp.cpp; name = Complex.cpp; path = "../../Complex Number/Complex Number/Complex.cpp"; sourceTree = "<group>"; };
		8B03BE4E2449616900E7F77E /* Complex.hpp */ = {isa = PBXFileReference; fileEncoding = 4; lastKnownFileType = sourcecode.cpp.h; name = Complex.hpp; path = "../../Complex Number/Complex Number/Complex.hpp"; sourceTree = "<group>"; };
/* End PBXFileReference section */

/* Begin PBXFrameworksBuildPhase section */
		8B03BE3D24495A5600E7F77E /* Frameworks */ = {
			isa = PBXFrameworksBuildPhase;
			buildActionMask = 2147483647;
			files = (
			);
			runOnlyForDeploymentPostprocessing = 0;
		};
/* End PBXFrameworksBuildPhase section */

/* Begin PBXGroup section */
		8B03BE3724495A5600E7F77E = {
			isa = PBXGroup;
			children = (
				8B03BE4224495A5600E7F77E /* Quadratic Polynomials */,
				8B03BE4124495A5600E7F77E /* Products */,
			);
			sourceTree = "<group>";
		};
		8B03BE4124495A5600E7F77E /* Products */ = {
			isa = PBXGroup;
			children = (
				8B03BE4024495A5600E7F77E /* Quadratic Polynomials */,
			);
			name = Products;
			sourceTree = "<group>";
		};
		8B03BE4224495A5600E7F77E /* Quadratic Polynomials */ = {
			isa = PBXGroup;
			children = (
				8B03BE4324495A5600E7F77E /* main.cpp */,
				8B03BE4A24495AD200E7F77E /* Polly.cpp */,
				8B03BE4B24495AD200E7F77E /* Polly.hpp */,
				8B03BE4D2449616900E7F77E /* Complex.cpp */,
				8B03BE4E2449616900E7F77E /* Complex.hpp */,
			);
			path = "Quadratic Polynomials";
			sourceTree = "<group>";
		};
/* End PBXGroup section */

/* Begin PBXNativeTarget section */
		8B03BE3F24495A5600E7F77E /* Quadratic Polynomials */ = {
			isa = PBXNativeTarget;
			buildConfigurationList = 8B03BE4724495A5600E7F77E /* Build configuration list for PBXNativeTarget "Quadratic Polynomials" */;
			buildPhases = (
				8B03BE3C24495A5600E7F77E /* Sources */,
				8B03BE3D24495A5600E7F77E /* Frameworks */,
				8B03BE3E24495A5600E7F77E /* CopyFiles */,
			);
			buildRules = (
			);
			dependencies = (
			);
			name = "Quadratic Polynomials";
			productName = "Quadratic Polynomials";
			productReference = 8B03BE4024495A5600E7F77E /* Quadratic Polynomials */;
			productType = "com.apple.product-type.tool";
		};
/* End PBXNativeTarget section */

/* Begin PBXProject section */
		8B03BE3824495A5600E7F77E /* Project object */ = {
			isa = PBXProject;
			attributes = {
				LastUpgradeCheck = 1130;
				ORGANIZATIONNAME = "Jake Kaslewicz";
				TargetAttributes = {
					8B03BE3F24495A5600E7F77E = {
						CreatedOnToolsVersion = 11.3.1;
					};
				};
			};
			buildConfigurationList = 8B03BE3B24495A5600E7F77E /* Build configuration list for PBXProject "Quadratic Polynomials" */;
			compatibilityVersion = "Xcode 9.3";
			developmentRegion = en;
			hasScannedForEncodings = 0;
			knownRegions = (
				en,
				Base,
			);
			mainGroup = 8B03BE3724495A5600E7F77E;
			productRefGroup = 8B03BE4124495A5600E7F77E /* Products */;
			projectDirPath = "";
			projectRoot = "";
			targets = (
				8B03BE3F24495A5600E7F77E /* Quadratic Polynomials */,
			);
		};
/* End PBXProject section */

/* Begin PBXSourcesBuildPhase section */
		8B03BE3C24495A5600E7F77E /* Sources */ = {
			isa = PBXSourcesBuildPhase;
			buildActionMask = 2147483647;
			files = (
				8B03BE4F2449616900E7F77E /* Complex.cpp in Sources */,
				8B03BE4424495A5600E7F77E /* main.cpp in Sources */,
				8B03BE4C24495AD200E7F77E /* Polly.cpp in Sources */,
			);
			runOnlyForDeploymentPostprocessing = 0;
		};
/* End PBXSourcesBuildPhase section */

/* Begin XCBuildConfiguration section */
		8B03BE4524495A5600E7F77E /* Debug */ = {
			isa = XCBuildConfiguration;
			buildSettings = {
				ALWAYS_SEARCH_USER_PATHS = NO;
				CLANG_ANALYZER_NONNULL = YES;
				CLANG_ANALYZER_NUMBER_OBJECT_CONVERSION = YES_AGGRESSIVE;
				CLANG_CXX_LANGUAGE_STANDARD = "gnu++14";
				CLANG_CXX_LIBRARY = "libc++";
				CLANG_ENABLE_MODULES = YES;
				CLANG_ENABLE_OBJC_ARC = YES;
				CLANG_ENABLE_OBJC_WEAK = YES;
				CLANG_WARN_BLOCK_CAPTURE_AUTORELEASING = YES;
				CLANG_WARN_BOOL_CONVERSION = YES;
				CLANG_WARN_COMMA = YES;
				CLANG_WARN_CONSTANT_CONVERSION = YES;
				CLANG_WARN_DEPRECATED_OBJC_IMPLEMENTATIONS = YES;
				CLANG_WARN_DIRECT_OBJC_ISA_USAGE = YES_ERROR;
				CLANG_WARN_DOCUMENTATION_COMMENTS = YES;
				CLANG_WARN_EMPTY_BODY = YES;
				CLANG_WARN_ENUM_CONVERSION = YES;
				CLANG_WARN_INFINITE_RECURSION = YES;
				CLANG_WARN_INT_CONVERSION = YES;
				CLANG_WARN_NON_LITERAL_NULL_CONVERSION = YES;
				CLANG_WARN_OBJC_IMPLICIT_RETAIN_SELF = YES;
				CLANG_WARN_OBJC_LITERAL_CONVERSION = YES;
				CLANG_WARN_OBJC_ROOT_CLASS = YES_ERROR;
				CLANG_WARN_RANGE_LOOP_ANALYSIS = YES;
				CLANG_WARN_STRICT_PROTOTYPES = YES;
				CLANG_WARN_SUSPICIOUS_MOVE = YES;
				CLANG_WARN_UNGUARDED_AVAILABILITY = YES_AGGRESSIVE;
				CLANG_WARN_UNREACHABLE_CODE = YES;
				CLANG_WARN__DUPLICATE_METHOD_MATCH = YES;
				COPY_PHASE_STRIP = NO;
				DEBUG_INFORMATION_FORMAT = dwarf;
				ENABLE_STRICT_OBJC_MSGSEND = YES;
				ENABLE_TESTABILITY = YES;
				GCC_C_LANGUAGE_STANDARD = gnu11;
				GCC_DYNAMIC_NO_PIC = NO;
				GCC_NO_COMMON_BLOCKS = YES;
				GCC_OPTIMIZATION_LEVEL = 0;
				GCC_PREPROCESSOR_DEFINITIONS = (
					"DEBUG=1",
					"$(inherited)",
				);
				GCC_WARN_64_TO_32_BIT_CONVERSION = YES;
				GCC_WARN_ABOUT_RETURN_TYPE = YES_ERROR;
				GCC_WARN_UNDECLARED_SELECTOR = YES;
				GCC_WARN_UNINITIALIZED_AUTOS = YES_AGGRESSIVE;
				GCC_WARN_UNUSED_FUNCTION = YES;
				GCC_WARN_UNUSED_VARIABLE = YES;
				MACOSX_DEPLOYMENT_TARGET = 10.14;
				MTL_ENABLE_DEBUG_INFO = INCLUDE_SOURCE;
				MTL_FAST_MATH = YES;
				ONLY_ACTIVE_ARCH = YES;
				SDKROOT = macosx;
			};
			name = Debug;
		};
		8B03BE4624495A5600E7F77E /* Release */ = {
			isa = XCBuildConfiguration;
			buildSettings = {
				ALWAYS_SEARCH_USER_PATHS = NO;
				CLANG_ANALYZER_NONNULL = YES;
				CLANG_ANALYZER_NUMBER_OBJECT_CONVERSION = YES_AGGRESSIVE;
				CLANG_CXX_LANGUAGE_STANDARD = "gnu++14";
				CLANG_CXX_LIBRARY = "libc++";
				CLANG_ENABLE_MODULES = YES;
				CLANG_ENABLE_OBJC_ARC = YES;
				CLANG_ENABLE_OBJC_WEAK = YES;
				CLANG_WARN_BLOCK_CAPTURE_AUTORELEASING = YES;
				CLANG_WARN_BOOL_CONVERSION = YES;
				CLANG_WARN_COMMA = YES;
				CLANG_WARN_CONSTANT_CONVERSION = YES;
				CLANG_WARN_DEPRECATED_OBJC_IMPLEMENTATIONS = YES;
				CLANG_WARN_DIRECT_OBJC_ISA_USAGE = YES_ERROR;
				CLANG_WARN_DOCUMENTATION_COMMENTS = YES;
				CLANG_WARN_EMPTY_BODY = YES;
				CLANG_WARN_ENUM_CONVERSION = YES;
				CLANG_WARN_INFINITE_RECURSION = YES;
				CLANG_WARN_INT_CONVERSION = YES;
				CLANG_WARN_NON_LITERAL_NULL_CONVERSION = YES;
				CLANG_WARN_OBJC_IMPLICIT_RETAIN_SELF = YES;
				CLANG_WARN_OBJC_LITERAL_CONVERSION = YES;
				CLANG_WARN_OBJC_ROOT_CLASS = YES_ERROR;
				CLANG_WARN_RANGE_LOOP_ANALYSIS = YES;
				CLANG_WARN_STRICT_PROTOTYPES = YES;
				CLANG_WARN_SUSPICIOUS_MOVE = YES;
				CLANG_WARN_UNGUARDED_AVAILABILITY = YES_AGGRESSIVE;
				CLANG_WARN_UNREACHABLE_CODE = YES;
				CLANG_WARN__DUPLICATE_METHOD_MATCH = YES;
				COPY_PHASE_STRIP = NO;
				DEBUG_INFORMATION_FORMAT = "dwarf-with-dsym";
				ENABLE_NS_ASSERTIONS = NO;
				ENABLE_STRICT_OBJC_MSGSEND = YES;
				GCC_C_LANGUAGE_STANDARD = gnu11;
				GCC_NO_COMMON_BLOCKS = YES;
				GCC_WARN_64_TO_32_BIT_CONVERSION = YES;
				GCC_WARN_ABOUT_RETURN_TYPE = YES_ERROR;
				GCC_WARN_UNDECLARED_SELECTOR = YES;
				GCC_WARN_UNINITIALIZED_AUTOS = YES_AGGRESSIVE;
				GCC_WARN_UNUSED_FUNCTION = YES;
				GCC_WARN_UNUSED_VARIABLE = YES;
				MACOSX_DEPLOYMENT_TARGET = 10.14;
				MTL_ENABLE_DEBUG_INFO = NO;
				MTL_FAST_MATH = YES;
				SDKROOT = macosx;
			};
			name = Release;
		};
		8B03BE4824495A5600E7F77E /* Debug */ = {
			isa = XCBuildConfiguration;
			buildSettings = {
				CODE_SIGN_STYLE = Automatic;
				DEVELOPMENT_TEAM = 3CMLBV44ZL;
				ENABLE_HARDENED_RUNTIME = YES;
				PRODUCT_NAME = "$(TARGET_NAME)";
			};
			name = Debug;
		};
		8B03BE4924495A5600E7F77E /* Release */ = {
			isa = XCBuildConfiguration;
			buildSettings = {
				CODE_SIGN_STYLE = Automatic;
				DEVELOPMENT_TEAM = 3CMLBV44ZL;
				ENABLE_HARDENED_RUNTIME = YES;
				PRODUCT_NAME = "$(TARGET_NAME)";
			};
			name = Release;
		};
/* End XCBuildConfiguration section */

/* Begin XCConfigurationList section */
		8B03BE3B24495A5600E7F77E /* Build configuration list for PBXProject "Quadratic Polynomials" */ = {
			isa = XCConfigurationList;
			buildConfigurations = (
				8B03BE4524495A5600E7F77E /* Debug */,
				8B03BE4624495A5600E7F77E /* Release */,
			);
			defaultConfigurationIsVisible = 0;
			defaultConfigurationName = Release;
		};
		8B03BE4724495A5600E7F77E /* Build configuration list for PBXNativeTarget "Quadratic Polynomials" */ = {
			isa = XCConfigurationList;
			buildConfigurations = (
				8B03BE4824495A5600E7F77E /* Debug */,
				8B03BE4924495A5600E7F77E /* Release */,
			);
			defaultConfigurationIsVisible = 0;
			defaultConfigurationName = Release;
		};
/* End XCConfigurationList section */
	};
	rootObject = 8B03BE3824495A5600E7F77E /* Project object */;
}
